// !$*UTF8*$!
{
	archiveVersion = 1;
	classes = {
	};
	objectVersion = 56;
	objects = {

/* Begin PBXBuildFile section */
		01703A8629B2024300A464A7 /* ml_iris_classificationApp.swift in Sources */ = {isa = PBXBuildFile; fileRef = 01703A8529B2024300A464A7 /* ml_iris_classificationApp.swift */; };
		01703A8829B2024300A464A7 /* ContentView.swift in Sources */ = {isa = PBXBuildFile; fileRef = 01703A8729B2024300A464A7 /* ContentView.swift */; };
		01703A8A29B2024500A464A7 /* Assets.xcassets in Resources */ = {isa = PBXBuildFile; fileRef = 01703A8929B2024500A464A7 /* Assets.xcassets */; };
		01703A8E29B2024500A464A7 /* Preview Assets.xcassets in Resources */ = {isa = PBXBuildFile; fileRef = 01703A8D29B2024500A464A7 /* Preview Assets.xcassets */; };
		01703A9829B23EA700A464A7 /* iris.names in Resources */ = {isa = PBXBuildFile; fileRef = 01703A9629B23EA700A464A7 /* iris.names */; };
		01703A9929B23EA700A464A7 /* iris.data in Resources */ = {isa = PBXBuildFile; fileRef = 01703A9729B23EA700A464A7 /* iris.data */; };
		01703A9C29B2411400A464A7 /* IrisClassifier.swift in Sources */ = {isa = PBXBuildFile; fileRef = 01703A9B29B2411400A464A7 /* IrisClassifier.swift */; };
/* End PBXBuildFile section */

/* Begin PBXFileReference section */
		01703A8229B2024300A464A7 /* ml-iris-classification.app */ = {isa = PBXFileReference; explicitFileType = wrapper.application; includeInIndex = 0; path = "ml-iris-classification.app"; sourceTree = BUILT_PRODUCTS_DIR; };
		01703A8529B2024300A464A7 /* ml_iris_classificationApp.swift */ = {isa = PBXFileReference; lastKnownFileType = sourcecode.swift; path = ml_iris_classificationApp.swift; sourceTree = "<group>"; };
		01703A8729B2024300A464A7 /* ContentView.swift */ = {isa = PBXFileReference; lastKnownFileType = sourcecode.swift; path = ContentView.swift; sourceTree = "<group>"; };
		01703A8929B2024500A464A7 /* Assets.xcassets */ = {isa = PBXFileReference; lastKnownFileType = folder.assetcatalog; path = Assets.xcassets; sourceTree = "<group>"; };
		01703A8B29B2024500A464A7 /* ml_iris_classification.entitlements */ = {isa = PBXFileReference; lastKnownFileType = text.plist.entitlements; path = ml_iris_classification.entitlements; sourceTree = "<group>"; };
		01703A8D29B2024500A464A7 /* Preview Assets.xcassets */ = {isa = PBXFileReference; lastKnownFileType = folder.assetcatalog; path = "Preview Assets.xcassets"; sourceTree = "<group>"; };
		01703A9629B23EA700A464A7 /* iris.names */ = {isa = PBXFileReference; fileEncoding = 4; lastKnownFileType = text; path = iris.names; sourceTree = "<group>"; };
		01703A9729B23EA700A464A7 /* iris.data */ = {isa = PBXFileReference; fileEncoding = 4; lastKnownFileType = text; path = iris.data; sourceTree = "<group>"; };
		01703A9B29B2411400A464A7 /* IrisClassifier.swift */ = {isa = PBXFileReference; lastKnownFileType = sourcecode.swift; path = IrisClassifier.swift; sourceTree = "<group>"; };
/* End PBXFileReference section */

/* Begin PBXFrameworksBuildPhase section */
		01703A7F29B2024300A464A7 /* Frameworks */ = {
			isa = PBXFrameworksBuildPhase;
			buildActionMask = 2147483647;
			files = (
			);
			runOnlyForDeploymentPostprocessing = 0;
		};
/* End PBXFrameworksBuildPhase section */

/* Begin PBXGroup section */
		01703A7929B2024300A464A7 = {
			isa = PBXGroup;
			children = (
				01703A8429B2024300A464A7 /* ml-iris-classification */,
				01703A8329B2024300A464A7 /* Products */,
			);
			sourceTree = "<group>";
		};
		01703A8329B2024300A464A7 /* Products */ = {
			isa = PBXGroup;
			children = (
				01703A8229B2024300A464A7 /* ml-iris-classification.app */,
			);
			name = Products;
			sourceTree = "<group>";
		};
		01703A8429B2024300A464A7 /* ml-iris-classification */ = {
			isa = PBXGroup;
			children = (
				01703A9D29B24E7700A464A7 /* Views */,
				01703A9A29B2404700A464A7 /* Model */,
				01703A9529B23E2800A464A7 /* Resources */,
				01703A8529B2024300A464A7 /* ml_iris_classificationApp.swift */,
				01703A8929B2024500A464A7 /* Assets.xcassets */,
				01703A8B29B2024500A464A7 /* ml_iris_classification.entitlements */,
				01703A8C29B2024500A464A7 /* Preview Content */,
			);
			path = "ml-iris-classification";
			sourceTree = "<group>";
		};
		01703A8C29B2024500A464A7 /* Preview Content */ = {
			isa = PBXGroup;
			children = (
				01703A8D29B2024500A464A7 /* Preview Assets.xcassets */,
			);
			path = "Preview Content";
			sourceTree = "<group>";
		};
		01703A9529B23E2800A464A7 /* Resources */ = {
			isa = PBXGroup;
			children = (
				01703A9729B23EA700A464A7 /* iris.data */,
				01703A9629B23EA700A464A7 /* iris.names */,
			);
			path = Resources;
			sourceTree = "<group>";
		};
		01703A9A29B2404700A464A7 /* Model */ = {
			isa = PBXGroup;
			children = (
				01703A9B29B2411400A464A7 /* IrisClassifier.swift */,
			);
			path = Model;
			sourceTree = "<group>";
		};
		01703A9D29B24E7700A464A7 /* Views */ = {
			isa = PBXGroup;
			children = (
				01703A8729B2024300A464A7 /* ContentView.swift */,
			);
			path = Views;
			sourceTree = "<group>";
		};
/* End PBXGroup section */

/* Begin PBXNativeTarget section */
		01703A8129B2024300A464A7 /* ml-iris-classification */ = {
			isa = PBXNativeTarget;
			buildConfigurationList = 01703A9129B2024500A464A7 /* Build configuration list for PBXNativeTarget "ml-iris-classification" */;
			buildPhases = (
				01703A9429B216D100A464A7 /* ShellScript */,
				01703A7E29B2024300A464A7 /* Sources */,
				01703A7F29B2024300A464A7 /* Frameworks */,
				01703A8029B2024300A464A7 /* Resources */,
			);
			buildRules = (
			);
			dependencies = (
			);
			name = "ml-iris-classification";
			productName = "ml-iris-classification";
			productReference = 01703A8229B2024300A464A7 /* ml-iris-classification.app */;
			productType = "com.apple.product-type.application";
		};
/* End PBXNativeTarget section */

/* Begin PBXProject section */
		01703A7A29B2024300A464A7 /* Project object */ = {
			isa = PBXProject;
			attributes = {
				BuildIndependentTargetsInParallel = 1;
				LastSwiftUpdateCheck = 1420;
				LastUpgradeCheck = 1420;
				TargetAttributes = {
					01703A8129B2024300A464A7 = {
						CreatedOnToolsVersion = 14.2;
					};
				};
			};
			buildConfigurationList = 01703A7D29B2024300A464A7 /* Build configuration list for PBXProject "ml-iris-classification" */;
			compatibilityVersion = "Xcode 14.0";
			developmentRegion = en;
			hasScannedForEncodings = 0;
			knownRegions = (
				en,
				Base,
			);
			mainGroup = 01703A7929B2024300A464A7;
			productRefGroup = 01703A8329B2024300A464A7 /* Products */;
			projectDirPath = "";
			projectRoot = "";
			targets = (
				01703A8129B2024300A464A7 /* ml-iris-classification */,
			);
		};
/* End PBXProject section */

/* Begin PBXResourcesBuildPhase section */
		01703A8029B2024300A464A7 /* Resources */ = {
			isa = PBXResourcesBuildPhase;
			buildActionMask = 2147483647;
			files = (
				01703A9929B23EA700A464A7 /* iris.data in Resources */,
				01703A9829B23EA700A464A7 /* iris.names in Resources */,
				01703A8E29B2024500A464A7 /* Preview Assets.xcassets in Resources */,
				01703A8A29B2024500A464A7 /* Assets.xcassets in Resources */,
			);
			runOnlyForDeploymentPostprocessing = 0;
		};
/* End PBXResourcesBuildPhase section */

/* Begin PBXShellScriptBuildPhase section */
		01703A9429B216D100A464A7 /* ShellScript */ = {
			isa = PBXShellScriptBuildPhase;
			buildActionMask = 2147483647;
			files = (
			);
			inputFileListPaths = (
			);
			inputPaths = (
			);
			outputFileListPaths = (
			);
			outputPaths = (
			);
			runOnlyForDeploymentPostprocessing = 0;
			shellPath = /bin/sh;
			shellScript = "cd \"$SRCROOT/../kmp-knn\"\n./gradlew --info :KNN:embedAndSignAppleFrameworkForXcode\n";
		};
/* End PBXShellScriptBuildPhase section */

/* Begin PBXSourcesBuildPhase section */
		01703A7E29B2024300A464A7 /* Sources */ = {
			isa = PBXSourcesBuildPhase;
			buildActionMask = 2147483647;
			files = (
				01703A8829B2024300A464A7 /* ContentView.swift in Sources */,
				01703A8629B2024300A464A7 /* ml_iris_classificationApp.swift in Sources */,
				01703A9C29B2411400A464A7 /* IrisClassifier.swift in Sources */,
			);
			runOnlyForDeploymentPostprocessing = 0;
		};
/* End PBXSourcesBuildPhase section */

/* Begin XCBuildConfiguration section */
		01703A8F29B2024500A464A7 /* Debug */ = {
			isa = XCBuildConfiguration;
			buildSettings = {
				ALWAYS_SEARCH_USER_PATHS = NO;
				CLANG_ANALYZER_NONNULL = YES;
				CLANG_ANALYZER_NUMBER_OBJECT_CONVERSION = YES_AGGRESSIVE;
				CLANG_CXX_LANGUAGE_STANDARD = "gnu++20";
				CLANG_ENABLE_MODULES = YES;
				CLANG_ENABLE_OBJC_ARC = YES;
				CLANG_ENABLE_OBJC_WEAK = YES;
				CLANG_WARN_BLOCK_CAPTURE_AUTORELEASING = YES;
				CLANG_WARN_BOOL_CONVERSION = YES;
				CLANG_WARN_COMMA = YES;
				CLANG_WARN_CONSTANT_CONVERSION = YES;
				CLANG_WARN_DEPRECATED_OBJC_IMPLEMENTATIONS = YES;
				CLANG_WARN_DIRECT_OBJC_ISA_USAGE = YES_ERROR;
				CLANG_WARN_DOCUMENTATION_COMMENTS = YES;
				CLANG_WARN_EMPTY_BODY = YES;
				CLANG_WARN_ENUM_CONVERSION = YES;
				CLANG_WARN_INFINITE_RECURSION = YES;
				CLANG_WARN_INT_CONVERSION = YES;
				CLANG_WARN_NON_LITERAL_NULL_CONVERSION = YES;
				CLANG_WARN_OBJC_IMPLICIT_RETAIN_SELF = YES;
				CLANG_WARN_OBJC_LITERAL_CONVERSION = YES;
				CLANG_WARN_OBJC_ROOT_CLASS = YES_ERROR;
				CLANG_WARN_QUOTED_INCLUDE_IN_FRAMEWORK_HEADER = YES;
				CLANG_WARN_RANGE_LOOP_ANALYSIS = YES;
				CLANG_WARN_STRICT_PROTOTYPES = YES;
				CLANG_WARN_SUSPICIOUS_MOVE = YES;
				CLANG_WARN_UNGUARDED_AVAILABILITY = YES_AGGRESSIVE;
				CLANG_WARN_UNREACHABLE_CODE = YES;
				CLANG_WARN__DUPLICATE_METHOD_MATCH = YES;
				COPY_PHASE_STRIP = NO;
				DEBUG_INFORMATION_FORMAT = dwarf;
				ENABLE_STRICT_OBJC_MSGSEND = YES;
				ENABLE_TESTABILITY = YES;
				GCC_C_LANGUAGE_STANDARD = gnu11;
				GCC_DYNAMIC_NO_PIC = NO;
				GCC_NO_COMMON_BLOCKS = YES;
				GCC_OPTIMIZATION_LEVEL = 0;
				GCC_PREPROCESSOR_DEFINITIONS = (
					"DEBUG=1",
					"$(inherited)",
				);
				GCC_WARN_64_TO_32_BIT_CONVERSION = YES;
				GCC_WARN_ABOUT_RETURN_TYPE = YES_ERROR;
				GCC_WARN_UNDECLARED_SELECTOR = YES;
				GCC_WARN_UNINITIALIZED_AUTOS = YES_AGGRESSIVE;
				GCC_WARN_UNUSED_FUNCTION = YES;
				GCC_WARN_UNUSED_VARIABLE = YES;
				MTL_ENABLE_DEBUG_INFO = INCLUDE_SOURCE;
				MTL_FAST_MATH = YES;
				ONLY_ACTIVE_ARCH = YES;
				SWIFT_ACTIVE_COMPILATION_CONDITIONS = DEBUG;
				SWIFT_OPTIMIZATION_LEVEL = "-Onone";
			};
			name = Debug;
		};
		01703A9029B2024500A464A7 /* Release */ = {
			isa = XCBuildConfiguration;
			buildSettings = {
				ALWAYS_SEARCH_USER_PATHS = NO;
				CLANG_ANALYZER_NONNULL = YES;
				CLANG_ANALYZER_NUMBER_OBJECT_CONVERSION = YES_AGGRESSIVE;
				CLANG_CXX_LANGUAGE_STANDARD = "gnu++20";
				CLANG_ENABLE_MODULES = YES;
				CLANG_ENABLE_OBJC_ARC = YES;
				CLANG_ENABLE_OBJC_WEAK = YES;
				CLANG_WARN_BLOCK_CAPTURE_AUTORELEASING = YES;
				CLANG_WARN_BOOL_CONVERSION = YES;
				CLANG_WARN_COMMA = YES;
				CLANG_WARN_CONSTANT_CONVERSION = YES;
				CLANG_WARN_DEPRECATED_OBJC_IMPLEMENTATIONS = YES;
				CLANG_WARN_DIRECT_OBJC_ISA_USAGE = YES_ERROR;
				CLANG_WARN_DOCUMENTATION_COMMENTS = YES;
				CLANG_WARN_EMPTY_BODY = YES;
				CLANG_WARN_ENUM_CONVERSION = YES;
				CLANG_WARN_INFINITE_RECURSION = YES;
				CLANG_WARN_INT_CONVERSION = YES;
				CLANG_WARN_NON_LITERAL_NULL_CONVERSION = YES;
				CLANG_WARN_OBJC_IMPLICIT_RETAIN_SELF = YES;
				CLANG_WARN_OBJC_LITERAL_CONVERSION = YES;
				CLANG_WARN_OBJC_ROOT_CLASS = YES_ERROR;
				CLANG_WARN_QUOTED_INCLUDE_IN_FRAMEWORK_HEADER = YES;
				CLANG_WARN_RANGE_LOOP_ANALYSIS = YES;
				CLANG_WARN_STRICT_PROTOTYPES = YES;
				CLANG_WARN_SUSPICIOUS_MOVE = YES;
				CLANG_WARN_UNGUARDED_AVAILABILITY = YES_AGGRESSIVE;
				CLANG_WARN_UNREACHABLE_CODE = YES;
				CLANG_WARN__DUPLICATE_METHOD_MATCH = YES;
				COPY_PHASE_STRIP = NO;
				DEBUG_INFORMATION_FORMAT = "dwarf-with-dsym";
				ENABLE_NS_ASSERTIONS = NO;
				ENABLE_STRICT_OBJC_MSGSEND = YES;
				GCC_C_LANGUAGE_STANDARD = gnu11;
				GCC_NO_COMMON_BLOCKS = YES;
				GCC_WARN_64_TO_32_BIT_CONVERSION = YES;
				GCC_WARN_ABOUT_RETURN_TYPE = YES_ERROR;
				GCC_WARN_UNDECLARED_SELECTOR = YES;
				GCC_WARN_UNINITIALIZED_AUTOS = YES_AGGRESSIVE;
				GCC_WARN_UNUSED_FUNCTION = YES;
				GCC_WARN_UNUSED_VARIABLE = YES;
				MTL_ENABLE_DEBUG_INFO = NO;
				MTL_FAST_MATH = YES;
				SWIFT_COMPILATION_MODE = wholemodule;
				SWIFT_OPTIMIZATION_LEVEL = "-O";
			};
			name = Release;
		};
		01703A9229B2024500A464A7 /* Debug */ = {
			isa = XCBuildConfiguration;
			buildSettings = {
				ASSETCATALOG_COMPILER_APPICON_NAME = AppIcon;
				ASSETCATALOG_COMPILER_GLOBAL_ACCENT_COLOR_NAME = AccentColor;
				CODE_SIGN_ENTITLEMENTS = "ml-iris-classification/ml_iris_classification.entitlements";
				CODE_SIGN_STYLE = Automatic;
				CURRENT_PROJECT_VERSION = 1;
				DEVELOPMENT_ASSET_PATHS = "\"ml-iris-classification/Preview Content\"";
				DEVELOPMENT_TEAM = Q4EVHB7WX9;
				ENABLE_HARDENED_RUNTIME = YES;
				ENABLE_PREVIEWS = YES;
				FRAMEWORK_SEARCH_PATHS = "$(SRCROOT)/../kmp-knn/KNN/build/xcode-frameworks/$(CONFIGURATION)/$(SDK_NAME)";
				GENERATE_INFOPLIST_FILE = YES;
				"INFOPLIST_KEY_UIApplicationSceneManifest_Generation[sdk=iphoneos*]" = YES;
				"INFOPLIST_KEY_UIApplicationSceneManifest_Generation[sdk=iphonesimulator*]" = YES;
				"INFOPLIST_KEY_UIApplicationSupportsIndirectInputEvents[sdk=iphoneos*]" = YES;
				"INFOPLIST_KEY_UIApplicationSupportsIndirectInputEvents[sdk=iphonesimulator*]" = YES;
				"INFOPLIST_KEY_UILaunchScreen_Generation[sdk=iphoneos*]" = YES;
				"INFOPLIST_KEY_UILaunchScreen_Generation[sdk=iphonesimulator*]" = YES;
				"INFOPLIST_KEY_UIStatusBarStyle[sdk=iphoneos*]" = UIStatusBarStyleDefault;
				"INFOPLIST_KEY_UIStatusBarStyle[sdk=iphonesimulator*]" = UIStatusBarStyleDefault;
				INFOPLIST_KEY_UISupportedInterfaceOrientations_iPad = "UIInterfaceOrientationPortrait UIInterfaceOrientationPortraitUpsideDown UIInterfaceOrientationLandscapeLeft UIInterfaceOrientationLandscapeRight";
				INFOPLIST_KEY_UISupportedInterfaceOrientations_iPhone = "UIInterfaceOrientationPortrait UIInterfaceOrientationLandscapeLeft UIInterfaceOrientationLandscapeRight";
				IPHONEOS_DEPLOYMENT_TARGET = 16.1;
				LD_RUNPATH_SEARCH_PATHS = "@executable_path/Frameworks";
				"LD_RUNPATH_SEARCH_PATHS[sdk=macosx*]" = "@executable_path/../Frameworks";
				MACOSX_DEPLOYMENT_TARGET = 13.1;
				MARKETING_VERSION = 1.0;
				OTHER_LDFLAGS = (
					"$(inherited)",
					"-framework",
					KNN,
				);
				PRODUCT_BUNDLE_IDENTIFIER = "com.ncke.ml-iris-classification";
				PRODUCT_NAME = "$(TARGET_NAME)";
				SDKROOT = auto;
				SUPPORTED_PLATFORMS = "iphoneos iphonesimulator macosx";
				SWIFT_EMIT_LOC_STRINGS = YES;
				SWIFT_VERSION = 5.0;
				TARGETED_DEVICE_FAMILY = "1,2";
			};
			name = Debug;
		};
		01703A9329B2024500A464A7 /* Release */ = {
			isa = XCBuildConfiguration;
			buildSettings = {
				ASSETCATALOG_COMPILER_APPICON_NAME = AppIcon;
				ASSETCATALOG_COMPILER_GLOBAL_ACCENT_COLOR_NAME = AccentColor;
				CODE_SIGN_ENTITLEMENTS = "ml-iris-classification/ml_iris_classification.entitlements";
				CODE_SIGN_STYLE = Automatic;
				CURRENT_PROJECT_VERSION = 1;
				DEVELOPMENT_ASSET_PATHS = "\"ml-iris-classification/Preview Content\"";
				DEVELOPMENT_TEAM = Q4EVHB7WX9;
				ENABLE_HARDENED_RUNTIME = YES;
				ENABLE_PREVIEWS = YES;
				FRAMEWORK_SEARCH_PATHS = "$(SRCROOT)/../kmp-knn/KNN/build/xcode-frameworks/$(CONFIGURATION)/$(SDK_NAME)";
				GENERATE_INFOPLIST_FILE = YES;
				"INFOPLIST_KEY_UIApplicationSceneManifest_Generation[sdk=iphoneos*]" = YES;
				"INFOPLIST_KEY_UIApplicationSceneManifest_Generation[sdk=iphonesimulator*]" = YES;
				"INFOPLIST_KEY_UIApplicationSupportsIndirectInputEvents[sdk=iphoneos*]" = YES;
				"INFOPLIST_KEY_UIApplicationSupportsIndirectInputEvents[sdk=iphonesimulator*]" = YES;
				"INFOPLIST_KEY_UILaunchScreen_Generation[sdk=iphoneos*]" = YES;
				"INFOPLIST_KEY_UILaunchScreen_Generation[sdk=iphonesimulator*]" = YES;
				"INFOPLIST_KEY_UIStatusBarStyle[sdk=iphoneos*]" = UIStatusBarStyleDefault;
				"INFOPLIST_KEY_UIStatusBarStyle[sdk=iphonesimulator*]" = UIStatusBarStyleDefault;
				INFOPLIST_KEY_UISupportedInterfaceOrientations_iPad = "UIInterfaceOrientationPortrait UIInterfaceOrientationPortraitUpsideDown UIInterfaceOrientationLandscapeLeft UIInterfaceOrientationLandscapeRight";
				INFOPLIST_KEY_UISupportedInterfaceOrientations_iPhone = "UIInterfaceOrientationPortrait UIInterfaceOrientationLandscapeLeft UIInterfaceOrientationLandscapeRight";
				IPHONEOS_DEPLOYMENT_TARGET = 16.1;
				LD_RUNPATH_SEARCH_PATHS = "@executable_path/Frameworks";
				"LD_RUNPATH_SEARCH_PATHS[sdk=macosx*]" = "@executable_path/../Frameworks";
				MACOSX_DEPLOYMENT_TARGET = 13.1;
				MARKETING_VERSION = 1.0;
				OTHER_LDFLAGS = (
					"$(inherited)",
					"-framework",
					KNN,
				);
				PRODUCT_BUNDLE_IDENTIFIER = "com.ncke.ml-iris-classification";
				PRODUCT_NAME = "$(TARGET_NAME)";
				SDKROOT = auto;
				SUPPORTED_PLATFORMS = "iphoneos iphonesimulator macosx";
				SWIFT_EMIT_LOC_STRINGS = YES;
				SWIFT_VERSION = 5.0;
				TARGETED_DEVICE_FAMILY = "1,2";
			};
			name = Release;
		};
/* End XCBuildConfiguration section */

/* Begin XCConfigurationList section */
		01703A7D29B2024300A464A7 /* Build configuration list for PBXProject "ml-iris-classification" */ = {
			isa = XCConfigurationList;
			buildConfigurations = (
				01703A8F29B2024500A464A7 /* Debug */,
				01703A9029B2024500A464A7 /* Release */,
			);
			defaultConfigurationIsVisible = 0;
			defaultConfigurationName = Release;
		};
		01703A9129B2024500A464A7 /* Build configuration list for PBXNativeTarget "ml-iris-classification" */ = {
			isa = XCConfigurationList;
			buildConfigurations = (
				01703A9229B2024500A464A7 /* Debug */,
				01703A9329B2024500A464A7 /* Release */,
			);
			defaultConfigurationIsVisible = 0;
			defaultConfigurationName = Release;
		};
/* End XCConfigurationList section */
	};
	rootObject = 01703A7A29B2024300A464A7 /* Project object */;
}
